
Microsoft Visual Studio Solution File, Format Version 12.00
# Visual Studio Version 17
VisualStudioVersion = 17.0.31903.59
MinimumVisualStudioVersion = 10.0.40219.1
Project("{FAE04EC0-301F-11D3-BF4B-00C04F79EFBC}") = "ECode.Identity.JWT", "ECode.Identity.JWT\ECode.Identity.JWT.csproj", "{8DFE7CA3-9124-4832-9A30-594C37DFBC47}"
EndProject
Project("{FAE04EC0-301F-11D3-BF4B-00C04F79EFBC}") = "ECode.Identity.JWT.UnitTests", "ECode.Identity.JWT.UnitTests\ECode.Identity.JWT.UnitTests.csproj", "{8CD37FC9-2AD1-4234-8A43-7567B8A2192B}"
EndProject
Global
	GlobalSection(SolutionConfigurationPlatforms) = preSolution
		Debug|Any CPU = Debug|Any CPU
		Release|Any CPU = Release|Any CPU
	EndGlobalSection
	GlobalSection(SolutionProperties) = preSolution
		HideSolutionNode = FALSE
	EndGlobalSection
	GlobalSection(ProjectConfigurationPlatforms) = postSolution
		{8DFE7CA3-9124-4832-9A30-594C37DFBC47}.Debug|Any CPU.ActiveCfg = Debug|Any CPU
		{8DFE7CA3-9124-4832-9A30-594C37DFBC47}.Debug|Any CPU.Build.0 = Debug|Any CPU
		{8DFE7CA3-9124-4832-9A30-594C37DFBC47}.Release|Any CPU.ActiveCfg = Release|Any CPU
		{8DFE7CA3-9124-4832-9A30-594C37DFBC47}.Release|Any CPU.Build.0 = Release|Any CPU
		{8CD37FC9-2AD1-4234-8A43-7567B8A2192B}.Debug|Any CPU.ActiveCfg = Debug|Any CPU
		{8CD37FC9-2AD1-4234-8A43-7567B8A2192B}.Debug|Any CPU.Build.0 = Debug|Any CPU
		{8CD37FC9-2AD1-4234-8A43-7567B8A2192B}.Release|Any CPU.ActiveCfg = Release|Any CPU
		{8CD37FC9-2AD1-4234-8A43-7567B8A2192B}.Release|Any CPU.Build.0 = Release|Any CPU
	EndGlobalSection
EndGlobal
